
Microsoft Visual Studio Solution File, Format Version 12.00
# Visual Studio Version 17
VisualStudioVersion = 17.6.33829.357
MinimumVisualStudioVersion = 10.0.40219.1
Project("{FAE04EC0-301F-11D3-BF4B-00C04F79EFBC}") = "GUI", "GUI\GUI.csproj", "{D9773235-C8A7-45FC-BB41-1847977F3D23}"
EndProject
Project("{FAE04EC0-301F-11D3-BF4B-00C04F79EFBC}") = "DTO", "DTO\DTO.csproj", "{A42A50AF-C758-4BA8-8405-49B626D40C6E}"
EndProject
Project("{FAE04EC0-301F-11D3-BF4B-00C04F79EFBC}") = "DAL", "DAL\DAL.csproj", "{260DEEFA-1F0B-4B05-8293-476CE41C423B}"
EndProject
Project("{FAE04EC0-301F-11D3-BF4B-00C04F79EFBC}") = "BLL", "BLL\BLL.csproj", "{3050302A-18C5-4F1F-83D5-083180474EEB}"
EndProject
Global
	GlobalSection(SolutionConfigurationPlatforms) = preSolution
		Debug|Any CPU = Debug|Any CPU
		Release|Any CPU = Release|Any CPU
	EndGlobalSection
	GlobalSection(ProjectConfigurationPlatforms) = postSolution
		{D9773235-C8A7-45FC-BB41-1847977F3D23}.Debug|Any CPU.ActiveCfg = Debug|Any CPU
		{D9773235-C8A7-45FC-BB41-1847977F3D23}.Debug|Any CPU.Build.0 = Debug|Any CPU
		{D9773235-C8A7-45FC-BB41-1847977F3D23}.Release|Any CPU.ActiveCfg = Release|Any CPU
		{D9773235-C8A7-45FC-BB41-1847977F3D23}.Release|Any CPU.Build.0 = Release|Any CPU
		{A42A50AF-C758-4BA8-8405-49B626D40C6E}.Debug|Any CPU.ActiveCfg = Debug|Any CPU
		{A42A50AF-C758-4BA8-8405-49B626D40C6E}.Debug|Any CPU.Build.0 = Debug|Any CPU
		{A42A50AF-C758-4BA8-8405-49B626D40C6E}.Release|Any CPU.ActiveCfg = Release|Any CPU
		{A42A50AF-C758-4BA8-8405-49B626D40C6E}.Release|Any CPU.Build.0 = Release|Any CPU
		{260DEEFA-1F0B-4B05-8293-476CE41C423B}.Debug|Any CPU.ActiveCfg = Debug|Any CPU
		{260DEEFA-1F0B-4B05-8293-476CE41C423B}.Debug|Any CPU.Build.0 = Debug|Any CPU
		{260DEEFA-1F0B-4B05-8293-476CE41C423B}.Release|Any CPU.ActiveCfg = Release|Any CPU
		{260DEEFA-1F0B-4B05-8293-476CE41C423B}.Release|Any CPU.Build.0 = Release|Any CPU
		{3050302A-18C5-4F1F-83D5-083180474EEB}.Debug|Any CPU.ActiveCfg = Debug|Any CPU
		{3050302A-18C5-4F1F-83D5-083180474EEB}.Debug|Any CPU.Build.0 = Debug|Any CPU
		{3050302A-18C5-4F1F-83D5-083180474EEB}.Release|Any CPU.ActiveCfg = Release|Any CPU
		{3050302A-18C5-4F1F-83D5-083180474EEB}.Release|Any CPU.Build.0 = Release|Any CPU
	EndGlobalSection
	GlobalSection(SolutionProperties) = preSolution
		HideSolutionNode = FALSE
	EndGlobalSection
	GlobalSection(ExtensibilityGlobals) = postSolution
		SolutionGuid = {333C8205-B201-4DEC-97CD-30080710A8DA}
	EndGlobalSection
EndGlobal
